PODS:
  - StormUtil (0.1.0)
  - URLRouter (0.1.0):
    - StormUtil

DEPENDENCIES:
  - URLRouter (from `../`)

SPEC REPOS:
  "git@code.aliyun.com:szfy_ios/SZFYSpecs.git":
    - StormUtil

EXTERNAL SOURCES:
  URLRouter:
    :path: "../"

SPEC CHECKSUMS:
  StormUtil: 1b472c07eb17c3ca404da38f1eca90a84e2f26f6
  URLRouter: 9189c93fd10625ced5b71b538f239d35ee0c2107

PODFILE CHECKSUM: cf8139ef948f7a50dd08950de5165323ab4d7b2c

COCOAPODS: 1.8.3
