PODS:
  - Protocol (0.1.0)
  - StormUtil (0.1.0)
  - URLRouter (0.1.0):
    - Protocol
    - StormUtil

DEPENDENCIES:
  - URLRouter (from `../`)

SPEC REPOS:
  "git@code.aliyun.com:szfy_ios/SZFYSpecs.git":
    - Protocol
    - StormUtil

EXTERNAL SOURCES:
  URLRouter:
    :path: "../"

SPEC CHECKSUMS:
  Protocol: 948ae4bc66a6822c0ab47d94b801ad09c87a3243
  StormUtil: 3cf185936defef673ba3f42e2c15c2aa214a2dfa
  URLRouter: 4096295a2919e564a99fc1319261ecb5ac5e86b0

PODFILE CHECKSUM: cf8139ef948f7a50dd08950de5165323ab4d7b2c

COCOAPODS: 1.8.4
